
Microsoft Visual Studio Solution File, Format Version 12.00
# Visual Studio Version 17
VisualStudioVersion = 17.5.002.0
MinimumVisualStudioVersion = 10.0.40219.1
Project("{9A19103F-16F7-4668-BE54-9A1E7A4F7556}") = "Projeto DIO POO", "Projeto DIO POO.csproj", "{4459EDBE-48B8-46C5-9D5A-071AF3D03CD5}"
EndProject
Global
	GlobalSection(SolutionConfigurationPlatforms) = preSolution
		Debug|Any CPU = Debug|Any CPU
		Release|Any CPU = Release|Any CPU
	EndGlobalSection
	GlobalSection(ProjectConfigurationPlatforms) = postSolution
		{4459EDBE-48B8-46C5-9D5A-071AF3D03CD5}.Debug|Any CPU.ActiveCfg = Debug|Any CPU
		{4459EDBE-48B8-46C5-9D5A-071AF3D03CD5}.Debug|Any CPU.Build.0 = Debug|Any CPU
		{4459EDBE-48B8-46C5-9D5A-071AF3D03CD5}.Release|Any CPU.ActiveCfg = Release|Any CPU
		{4459EDBE-48B8-46C5-9D5A-071AF3D03CD5}.Release|Any CPU.Build.0 = Release|Any CPU
	EndGlobalSection
	GlobalSection(SolutionProperties) = preSolution
		HideSolutionNode = FALSE
	EndGlobalSection
	GlobalSection(ExtensibilityGlobals) = postSolution
		SolutionGuid = {CB4A2237-5282-454D-A448-B76C0532F6A4}
	EndGlobalSection
EndGlobal
